// !$*UTF8*$!
{
	archiveVersion = 1;
	classes = {
	};
	objectVersion = 46;
	objects = {

/* Begin PBXBuildFile section */
		279609831C95404600E0DD56 /* AppDelegate.swift in Sources */ = {isa = PBXBuildFile; fileRef = 279609821C95404600E0DD56 /* AppDelegate.swift */; };
		279609851C95404600E0DD56 /* ViewController.swift in Sources */ = {isa = PBXBuildFile; fileRef = 279609841C95404600E0DD56 /* ViewController.swift */; };
		279609881C95404600E0DD56 /* Main.storyboard in Resources */ = {isa = PBXBuildFile; fileRef = 279609861C95404600E0DD56 /* Main.storyboard */; };
		2796098A1C95404600E0DD56 /* Assets.xcassets in Resources */ = {isa = PBXBuildFile; fileRef = 279609891C95404600E0DD56 /* Assets.xcassets */; };
		2796098D1C95404600E0DD56 /* LaunchScreen.storyboard in Resources */ = {isa = PBXBuildFile; fileRef = 2796098B1C95404600E0DD56 /* LaunchScreen.storyboard */; };
		6C92B66C1B14BD56C8C725DA /* libPods-WeiboDemo.a in Frameworks */ = {isa = PBXBuildFile; fileRef = 38559824284D40389FD1F501 /* libPods-WeiboDemo.a */; };
/* End PBXBuildFile section */

/* Begin PBXFileReference section */
		2796097F1C95404600E0DD56 /* WeiboDemo.app */ = {isa = PBXFileReference; explicitFileType = wrapper.application; includeInIndex = 0; path = WeiboDemo.app; sourceTree = BUILT_PRODUCTS_DIR; };
		279609821C95404600E0DD56 /* AppDelegate.swift */ = {isa = PBXFileReference; lastKnownFileType = sourcecode.swift; path = AppDelegate.swift; sourceTree = "<group>"; };
		279609841C95404600E0DD56 /* ViewController.swift */ = {isa = PBXFileReference; lastKnownFileType = sourcecode.swift; path = ViewController.swift; sourceTree = "<group>"; };
		279609871C95404600E0DD56 /* Base */ = {isa = PBXFileReference; lastKnownFileType = file.storyboard; name = Base; path = Base.lproj/Main.storyboard; sourceTree = "<group>"; };
		279609891C95404600E0DD56 /* Assets.xcassets */ = {isa = PBXFileReference; lastKnownFileType = folder.assetcatalog; path = Assets.xcassets; sourceTree = "<group>"; };
		2796098C1C95404600E0DD56 /* Base */ = {isa = PBXFileReference; lastKnownFileType = file.storyboard; name = Base; path = Base.lproj/LaunchScreen.storyboard; sourceTree = "<group>"; };
		2796098E1C95404600E0DD56 /* Info.plist */ = {isa = PBXFileReference; lastKnownFileType = text.plist.xml; path = Info.plist; sourceTree = "<group>"; };
		38559824284D40389FD1F501 /* libPods-WeiboDemo.a */ = {isa = PBXFileReference; explicitFileType = archive.ar; includeInIndex = 0; path = "libPods-WeiboDemo.a"; sourceTree = BUILT_PRODUCTS_DIR; };
		6FDBC3ABE2F91E228C062BA9 /* Pods-WeiboDemo.release.xcconfig */ = {isa = PBXFileReference; includeInIndex = 1; lastKnownFileType = text.xcconfig; name = "Pods-WeiboDemo.release.xcconfig"; path = "Pods/Target Support Files/Pods-WeiboDemo/Pods-WeiboDemo.release.xcconfig"; sourceTree = "<group>"; };
		F55D859AC9124AF310C7933F /* Pods-WeiboDemo.debug.xcconfig */ = {isa = PBXFileReference; includeInIndex = 1; lastKnownFileType = text.xcconfig; name = "Pods-WeiboDemo.debug.xcconfig"; path = "Pods/Target Support Files/Pods-WeiboDemo/Pods-WeiboDemo.debug.xcconfig"; sourceTree = "<group>"; };
/* End PBXFileReference section */

/* Begin PBXFrameworksBuildPhase section */
		2796097C1C95404600E0DD56 /* Frameworks */ = {
			isa = PBXFrameworksBuildPhase;
			buildActionMask = 2147483647;
			files = (
				6C92B66C1B14BD56C8C725DA /* libPods-WeiboDemo.a in Frameworks */,
			);
			runOnlyForDeploymentPostprocessing = 0;
		};
/* End PBXFrameworksBuildPhase section */

/* Begin PBXGroup section */
		0A4E119824E75A5F8AAED0AD /* Pods */ = {
			isa = PBXGroup;
			children = (
				F55D859AC9124AF310C7933F /* Pods-WeiboDemo.debug.xcconfig */,
				6FDBC3ABE2F91E228C062BA9 /* Pods-WeiboDemo.release.xcconfig */,
			);
			name = Pods;
			sourceTree = "<group>";
		};
		279609761C95404600E0DD56 = {
			isa = PBXGroup;
			children = (
				279609811C95404600E0DD56 /* WeiboDemo */,
				279609801C95404600E0DD56 /* Products */,
				0A4E119824E75A5F8AAED0AD /* Pods */,
				9B81BB0883EDFE37E972FE7F /* Frameworks */,
			);
			sourceTree = "<group>";
		};
		279609801C95404600E0DD56 /* Products */ = {
			isa = PBXGroup;
			children = (
				2796097F1C95404600E0DD56 /* WeiboDemo.app */,
			);
			name = Products;
			sourceTree = "<group>";
		};
		279609811C95404600E0DD56 /* WeiboDemo */ = {
			isa = PBXGroup;
			children = (
				279609821C95404600E0DD56 /* AppDelegate.swift */,
				279609841C95404600E0DD56 /* ViewController.swift */,
				279609861C95404600E0DD56 /* Main.storyboard */,
				279609891C95404600E0DD56 /* Assets.xcassets */,
				2796098B1C95404600E0DD56 /* LaunchScreen.storyboard */,
				2796098E1C95404600E0DD56 /* Info.plist */,
			);
			path = WeiboDemo;
			sourceTree = "<group>";
		};
		9B81BB0883EDFE37E972FE7F /* Frameworks */ = {
			isa = PBXGroup;
			children = (
				38559824284D40389FD1F501 /* libPods-WeiboDemo.a */,
			);
			name = Frameworks;
			sourceTree = "<group>";
		};
/* End PBXGroup section */

/* Begin PBXNativeTarget section */
		2796097E1C95404600E0DD56 /* WeiboDemo */ = {
			isa = PBXNativeTarget;
			buildConfigurationList = 279609911C95404600E0DD56 /* Build configuration list for PBXNativeTarget "WeiboDemo" */;
			buildPhases = (
				FF763A3D508F249EF965D01A /* Check Pods Manifest.lock */,
				2796097B1C95404600E0DD56 /* Sources */,
				2796097C1C95404600E0DD56 /* Frameworks */,
				2796097D1C95404600E0DD56 /* Resources */,
				286976F214B0ECCABE300EDE /* Embed Pods Frameworks */,
				33C58788CACBCB989D9276A4 /* Copy Pods Resources */,
			);
			buildRules = (
			);
			dependencies = (
			);
			name = WeiboDemo;
			productName = WeiboDemo;
			productReference = 2796097F1C95404600E0DD56 /* WeiboDemo.app */;
			productType = "com.apple.product-type.application";
		};
/* End PBXNativeTarget section */

/* Begin PBXProject section */
		279609771C95404600E0DD56 /* Project object */ = {
			isa = PBXProject;
			attributes = {
				LastSwiftUpdateCheck = 0720;
				LastUpgradeCheck = 0720;
				ORGANIZATIONNAME = "Kyle Xie";
				TargetAttributes = {
					2796097E1C95404600E0DD56 = {
						CreatedOnToolsVersion = 7.2.1;
					};
				};
			};
			buildConfigurationList = 2796097A1C95404600E0DD56 /* Build configuration list for PBXProject "WeiboDemo" */;
			compatibilityVersion = "Xcode 3.2";
			developmentRegion = English;
			hasScannedForEncodings = 0;
			knownRegions = (
				en,
				Base,
			);
			mainGroup = 279609761C95404600E0DD56;
			productRefGroup = 279609801C95404600E0DD56 /* Products */;
			projectDirPath = "";
			projectRoot = "";
			targets = (
				2796097E1C95404600E0DD56 /* WeiboDemo */,
			);
		};
/* End PBXProject section */

/* Begin PBXResourcesBuildPhase section */
		2796097D1C95404600E0DD56 /* Resources */ = {
			isa = PBXResourcesBuildPhase;
			buildActionMask = 2147483647;
			files = (
				2796098D1C95404600E0DD56 /* LaunchScreen.storyboard in Resources */,
				2796098A1C95404600E0DD56 /* Assets.xcassets in Resources */,
				279609881C95404600E0DD56 /* Main.storyboard in Resources */,
			);
			runOnlyForDeploymentPostprocessing = 0;
		};
/* End PBXResourcesBuildPhase section */

/* Begin PBXShellScriptBuildPhase section */
		286976F214B0ECCABE300EDE /* Embed Pods Frameworks */ = {
			isa = PBXShellScriptBuildPhase;
			buildActionMask = 2147483647;
			files = (
			);
			inputPaths = (
			);
			name = "Embed Pods Frameworks";
			outputPaths = (
			);
			runOnlyForDeploymentPostprocessing = 0;
			shellPath = /bin/sh;
			shellScript = "\"${SRCROOT}/Pods/Target Support Files/Pods-WeiboDemo/Pods-WeiboDemo-frameworks.sh\"\n";
			showEnvVarsInLog = 0;
		};
		33C58788CACBCB989D9276A4 /* Copy Pods Resources */ = {
			isa = PBXShellScriptBuildPhase;
			buildActionMask = 2147483647;
			files = (
			);
			inputPaths = (
			);
			name = "Copy Pods Resources";
			outputPaths = (
			);
			runOnlyForDeploymentPostprocessing = 0;
			shellPath = /bin/sh;
			shellScript = "\"${SRCROOT}/Pods/Target Support Files/Pods-WeiboDemo/Pods-WeiboDemo-resources.sh\"\n";
			showEnvVarsInLog = 0;
		};
		FF763A3D508F249EF965D01A /* Check Pods Manifest.lock */ = {
			isa = PBXShellScriptBuildPhase;
			buildActionMask = 2147483647;
			files = (
			);
			inputPaths = (
			);
			name = "Check Pods Manifest.lock";
			outputPaths = (
			);
			runOnlyForDeploymentPostprocessing = 0;
			shellPath = /bin/sh;
			shellScript = "diff \"${PODS_ROOT}/../Podfile.lock\" \"${PODS_ROOT}/Manifest.lock\" > /dev/null\nif [[ $? != 0 ]] ; then\n    cat << EOM\nerror: The sandbox is not in sync with the Podfile.lock. Run 'pod install' or update your CocoaPods installation.\nEOM\n    exit 1\nfi\n";
			showEnvVarsInLog = 0;
		};
/* End PBXShellScriptBuildPhase section */

/* Begin PBXSourcesBuildPhase section */
		2796097B1C95404600E0DD56 /* Sources */ = {
			isa = PBXSourcesBuildPhase;
			buildActionMask = 2147483647;
			files = (
				279609851C95404600E0DD56 /* ViewController.swift in Sources */,
				279609831C95404600E0DD56 /* AppDelegate.swift in Sources */,
			);
			runOnlyForDeploymentPostprocessing = 0;
		};
/* End PBXSourcesBuildPhase section */

/* Begin PBXVariantGroup section */
		279609861C95404600E0DD56 /* Main.storyboard */ = {
			isa = PBXVariantGroup;
			children = (
				279609871C95404600E0DD56 /* Base */,
			);
			name = Main.storyboard;
			sourceTree = "<group>";
		};
		2796098B1C95404600E0DD56 /* LaunchScreen.storyboard */ = {
			isa = PBXVariantGroup;
			children = (
				2796098C1C95404600E0DD56 /* Base */,
			);
			name = LaunchScreen.storyboard;
			sourceTree = "<group>";
		};
/* End PBXVariantGroup section */

/* Begin XCBuildConfiguration section */
		2796098F1C95404600E0DD56 /* Debug */ = {
			isa = XCBuildConfiguration;
			buildSettings = {
				ALWAYS_SEARCH_USER_PATHS = NO;
				CLANG_CXX_LANGUAGE_STANDARD = "gnu++0x";
				CLANG_CXX_LIBRARY = "libc++";
				CLANG_ENABLE_MODULES = YES;
				CLANG_ENABLE_OBJC_ARC = YES;
				CLANG_WARN_BOOL_CONVERSION = YES;
				CLANG_WARN_CONSTANT_CONVERSION = YES;
				CLANG_WARN_DIRECT_OBJC_ISA_USAGE = YES_ERROR;
				CLANG_WARN_EMPTY_BODY = YES;
				CLANG_WARN_ENUM_CONVERSION = YES;
				CLANG_WARN_INT_CONVERSION = YES;
				CLANG_WARN_OBJC_ROOT_CLASS = YES_ERROR;
				CLANG_WARN_UNREACHABLE_CODE = YES;
				CLANG_WARN__DUPLICATE_METHOD_MATCH = YES;
				"CODE_SIGN_IDENTITY[sdk=iphoneos*]" = "iPhone Developer";
				COPY_PHASE_STRIP = NO;
				DEBUG_INFORMATION_FORMAT = dwarf;
				ENABLE_STRICT_OBJC_MSGSEND = YES;
				ENABLE_TESTABILITY = YES;
				GCC_C_LANGUAGE_STANDARD = gnu99;
				GCC_DYNAMIC_NO_PIC = NO;
				GCC_NO_COMMON_BLOCKS = YES;
				GCC_OPTIMIZATION_LEVEL = 0;
				GCC_PREPROCESSOR_DEFINITIONS = (
					"DEBUG=1",
					"$(inherited)",
				);
				GCC_WARN_64_TO_32_BIT_CONVERSION = YES;
				GCC_WARN_ABOUT_RETURN_TYPE = YES_ERROR;
				GCC_WARN_UNDECLARED_SELECTOR = YES;
				GCC_WARN_UNINITIALIZED_AUTOS = YES_AGGRESSIVE;
				GCC_WARN_UNUSED_FUNCTION = YES;
				GCC_WARN_UNUSED_VARIABLE = YES;
				IPHONEOS_DEPLOYMENT_TARGET = 9.2;
				MTL_ENABLE_DEBUG_INFO = YES;
				ONLY_ACTIVE_ARCH = YES;
				SDKROOT = iphoneos;
				SWIFT_OPTIMIZATION_LEVEL = "-Onone";
				TARGETED_DEVICE_FAMILY = "1,2";
			};
			name = Debug;
		};
		279609901C95404600E0DD56 /* Release */ = {
			isa = XCBuildConfiguration;
			buildSettings = {
				ALWAYS_SEARCH_USER_PATHS = NO;
				CLANG_CXX_LANGUAGE_STANDARD = "gnu++0x";
				CLANG_CXX_LIBRARY = "libc++";
				CLANG_ENABLE_MODULES = YES;
				CLANG_ENABLE_OBJC_ARC = YES;
				CLANG_WARN_BOOL_CONVERSION = YES;
				CLANG_WARN_CONSTANT_CONVERSION = YES;
				CLANG_WARN_DIRECT_OBJC_ISA_USAGE = YES_ERROR;
				CLANG_WARN_EMPTY_BODY = YES;
				CLANG_WARN_ENUM_CONVERSION = YES;
				CLANG_WARN_INT_CONVERSION = YES;
				CLANG_WARN_OBJC_ROOT_CLASS = YES_ERROR;
				CLANG_WARN_UNREACHABLE_CODE = YES;
				CLANG_WARN__DUPLICATE_METHOD_MATCH = YES;
				"CODE_SIGN_IDENTITY[sdk=iphoneos*]" = "iPhone Developer";
				COPY_PHASE_STRIP = NO;
				DEBUG_INFORMATION_FORMAT = "dwarf-with-dsym";
				ENABLE_NS_ASSERTIONS = NO;
				ENABLE_STRICT_OBJC_MSGSEND = YES;
				GCC_C_LANGUAGE_STANDARD = gnu99;
				GCC_NO_COMMON_BLOCKS = YES;
				GCC_WARN_64_TO_32_BIT_CONVERSION = YES;
				GCC_WARN_ABOUT_RETURN_TYPE = YES_ERROR;
				GCC_WARN_UNDECLARED_SELECTOR = YES;
				GCC_WARN_UNINITIALIZED_AUTOS = YES_AGGRESSIVE;
				GCC_WARN_UNUSED_FUNCTION = YES;
				GCC_WARN_UNUSED_VARIABLE = YES;
				IPHONEOS_DEPLOYMENT_TARGET = 9.2;
				MTL_ENABLE_DEBUG_INFO = NO;
				SDKROOT = iphoneos;
				TARGETED_DEVICE_FAMILY = "1,2";
				VALIDATE_PRODUCT = YES;
			};
			name = Release;
		};
		279609921C95404600E0DD56 /* Debug */ = {
			isa = XCBuildConfiguration;
			baseConfigurationReference = F55D859AC9124AF310C7933F /* Pods-WeiboDemo.debug.xcconfig */;
			buildSettings = {
				ASSETCATALOG_COMPILER_APPICON_NAME = AppIcon;
				INFOPLIST_FILE = WeiboDemo/Info.plist;
				LD_RUNPATH_SEARCH_PATHS = "$(inherited) @executable_path/Frameworks";
				PRODUCT_BUNDLE_IDENTIFIER = com.decentfox.WeiboDemo;
				PRODUCT_NAME = "$(TARGET_NAME)";
			};
			name = Debug;
		};
		279609931C95404600E0DD56 /* Release */ = {
			isa = XCBuildConfiguration;
			baseConfigurationReference = 6FDBC3ABE2F91E228C062BA9 /* Pods-WeiboDemo.release.xcconfig */;
			buildSettings = {
				ASSETCATALOG_COMPILER_APPICON_NAME = AppIcon;
				INFOPLIST_FILE = WeiboDemo/Info.plist;
				LD_RUNPATH_SEARCH_PATHS = "$(inherited) @executable_path/Frameworks";
				PRODUCT_BUNDLE_IDENTIFIER = com.decentfox.WeiboDemo;
				PRODUCT_NAME = "$(TARGET_NAME)";
			};
			name = Release;
		};
/* End XCBuildConfiguration section */

/* Begin XCConfigurationList section */
		2796097A1C95404600E0DD56 /* Build configuration list for PBXProject "WeiboDemo" */ = {
			isa = XCConfigurationList;
			buildConfigurations = (
				2796098F1C95404600E0DD56 /* Debug */,
				279609901C95404600E0DD56 /* Release */,
			);
			defaultConfigurationIsVisible = 0;
			defaultConfigurationName = Release;
		};
		279609911C95404600E0DD56 /* Build configuration list for PBXNativeTarget "WeiboDemo" */ = {
			isa = XCConfigurationList;
			buildConfigurations = (
				279609921C95404600E0DD56 /* Debug */,
				279609931C95404600E0DD56 /* Release */,
			);
			defaultConfigurationIsVisible = 0;
			defaultConfigurationName = Release;
		};
/* End XCConfigurationList section */
	};
	rootObject = 279609771C95404600E0DD56 /* Project object */;
}
